
Microsoft Visual Studio Solution File, Format Version 12.00
# Visual Studio Version 17
VisualStudioVersion = 17.1.32319.34
MinimumVisualStudioVersion = 10.0.40219.1
Project("{9A19103F-16F7-4668-BE54-9A1E7A4F7556}") = "Catalog", "Catalog\Catalog.csproj", "{2304A2A2-E605-4F9C-A8D1-91FC628D4D80}"
EndProject
Project("{2150E333-8FDC-42A3-9474-1A3956D46DE8}") = "DataAccess", "DataAccess", "{6B03C76B-55EE-4DEB-968C-8DAC7AC7E926}"
EndProject
Project("{2150E333-8FDC-42A3-9474-1A3956D46DE8}") = "BusinessLogic", "BusinessLogic", "{BC066765-8CD6-4F72-BF9E-953A7F7514DF}"
EndProject
Project("{9A19103F-16F7-4668-BE54-9A1E7A4F7556}") = "Repository", "Repository\Repository.csproj", "{67D1EF38-6EE5-490B-A564-77BDEDE9F2DE}"
EndProject
Project("{9A19103F-16F7-4668-BE54-9A1E7A4F7556}") = "EFORM", "EFORM\EFORM.csproj", "{E5BF234E-1C9A-426E-AF7B-A3C30BC5CFC3}"
EndProject
Project("{2150E333-8FDC-42A3-9474-1A3956D46DE8}") = "WebAPI", "WebAPI", "{3AC3179A-16D1-4243-AD9A-EED03FDEE8D5}"
EndProject
Project("{9A19103F-16F7-4668-BE54-9A1E7A4F7556}") = "CatalogApplication", "CatalogApplication\CatalogApplication.csproj", "{5659AE68-E4EA-4DFF-8B25-F03EE85759D9}"
EndProject
Project("{9A19103F-16F7-4668-BE54-9A1E7A4F7556}") = "CatalogFeature", "CatalogFeature\CatalogFeature.csproj", "{AB2CC2A9-B906-4825-BD26-4190024C1649}"
EndProject
Project("{9A19103F-16F7-4668-BE54-9A1E7A4F7556}") = "SubjectFeature", "SubjectFeature\SubjectFeature.csproj", "{73EAF16D-A75F-44E6-84C5-E977D679B0A1}"
EndProject
Project("{9A19103F-16F7-4668-BE54-9A1E7A4F7556}") = "GradesFeature", "GradesFeature\GradesFeature.csproj", "{E18FE459-ABCA-447B-8233-DCEDABDCAAD3}"
EndProject
Project("{9A19103F-16F7-4668-BE54-9A1E7A4F7556}") = "StudentFeature", "StudentFeature\StudentFeature.csproj", "{4E1A9CCD-E091-4ABC-9224-72A6AAE3D2E0}"
EndProject
Project("{2150E333-8FDC-42A3-9474-1A3956D46DE8}") = "Shared", "Shared", "{E0FB7C0E-E8D8-42FA-A4EA-4D9D713CC2E8}"
EndProject
Project("{9A19103F-16F7-4668-BE54-9A1E7A4F7556}") = "SharedLibrary", "SharedLibrary\SharedLibrary.csproj", "{CF4A392D-5B38-4FD7-9C63-8F2EA87F0DDD}"
EndProject
Global
	GlobalSection(SolutionConfigurationPlatforms) = preSolution
		Debug|Any CPU = Debug|Any CPU
		Release|Any CPU = Release|Any CPU
	EndGlobalSection
	GlobalSection(ProjectConfigurationPlatforms) = postSolution
		{2304A2A2-E605-4F9C-A8D1-91FC628D4D80}.Debug|Any CPU.ActiveCfg = Debug|Any CPU
		{2304A2A2-E605-4F9C-A8D1-91FC628D4D80}.Debug|Any CPU.Build.0 = Debug|Any CPU
		{2304A2A2-E605-4F9C-A8D1-91FC628D4D80}.Release|Any CPU.ActiveCfg = Release|Any CPU
		{2304A2A2-E605-4F9C-A8D1-91FC628D4D80}.Release|Any CPU.Build.0 = Release|Any CPU
		{67D1EF38-6EE5-490B-A564-77BDEDE9F2DE}.Debug|Any CPU.ActiveCfg = Debug|Any CPU
		{67D1EF38-6EE5-490B-A564-77BDEDE9F2DE}.Debug|Any CPU.Build.0 = Debug|Any CPU
		{67D1EF38-6EE5-490B-A564-77BDEDE9F2DE}.Release|Any CPU.ActiveCfg = Release|Any CPU
		{67D1EF38-6EE5-490B-A564-77BDEDE9F2DE}.Release|Any CPU.Build.0 = Release|Any CPU
		{E5BF234E-1C9A-426E-AF7B-A3C30BC5CFC3}.Debug|Any CPU.ActiveCfg = Debug|Any CPU
		{E5BF234E-1C9A-426E-AF7B-A3C30BC5CFC3}.Debug|Any CPU.Build.0 = Debug|Any CPU
		{E5BF234E-1C9A-426E-AF7B-A3C30BC5CFC3}.Release|Any CPU.ActiveCfg = Release|Any CPU
		{E5BF234E-1C9A-426E-AF7B-A3C30BC5CFC3}.Release|Any CPU.Build.0 = Release|Any CPU
		{5659AE68-E4EA-4DFF-8B25-F03EE85759D9}.Debug|Any CPU.ActiveCfg = Debug|Any CPU
		{5659AE68-E4EA-4DFF-8B25-F03EE85759D9}.Debug|Any CPU.Build.0 = Debug|Any CPU
		{5659AE68-E4EA-4DFF-8B25-F03EE85759D9}.Release|Any CPU.ActiveCfg = Release|Any CPU
		{5659AE68-E4EA-4DFF-8B25-F03EE85759D9}.Release|Any CPU.Build.0 = Release|Any CPU
		{AB2CC2A9-B906-4825-BD26-4190024C1649}.Debug|Any CPU.ActiveCfg = Debug|Any CPU
		{AB2CC2A9-B906-4825-BD26-4190024C1649}.Debug|Any CPU.Build.0 = Debug|Any CPU
		{AB2CC2A9-B906-4825-BD26-4190024C1649}.Release|Any CPU.ActiveCfg = Release|Any CPU
		{AB2CC2A9-B906-4825-BD26-4190024C1649}.Release|Any CPU.Build.0 = Release|Any CPU
		{73EAF16D-A75F-44E6-84C5-E977D679B0A1}.Debug|Any CPU.ActiveCfg = Debug|Any CPU
		{73EAF16D-A75F-44E6-84C5-E977D679B0A1}.Debug|Any CPU.Build.0 = Debug|Any CPU
		{73EAF16D-A75F-44E6-84C5-E977D679B0A1}.Release|Any CPU.ActiveCfg = Release|Any CPU
		{73EAF16D-A75F-44E6-84C5-E977D679B0A1}.Release|Any CPU.Build.0 = Release|Any CPU
		{E18FE459-ABCA-447B-8233-DCEDABDCAAD3}.Debug|Any CPU.ActiveCfg = Debug|Any CPU
		{E18FE459-ABCA-447B-8233-DCEDABDCAAD3}.Debug|Any CPU.Build.0 = Debug|Any CPU
		{E18FE459-ABCA-447B-8233-DCEDABDCAAD3}.Release|Any CPU.ActiveCfg = Release|Any CPU
		{E18FE459-ABCA-447B-8233-DCEDABDCAAD3}.Release|Any CPU.Build.0 = Release|Any CPU
		{4E1A9CCD-E091-4ABC-9224-72A6AAE3D2E0}.Debug|Any CPU.ActiveCfg = Debug|Any CPU
		{4E1A9CCD-E091-4ABC-9224-72A6AAE3D2E0}.Debug|Any CPU.Build.0 = Debug|Any CPU
		{4E1A9CCD-E091-4ABC-9224-72A6AAE3D2E0}.Release|Any CPU.ActiveCfg = Release|Any CPU
		{4E1A9CCD-E091-4ABC-9224-72A6AAE3D2E0}.Release|Any CPU.Build.0 = Release|Any CPU
		{CF4A392D-5B38-4FD7-9C63-8F2EA87F0DDD}.Debug|Any CPU.ActiveCfg = Debug|Any CPU
		{CF4A392D-5B38-4FD7-9C63-8F2EA87F0DDD}.Debug|Any CPU.Build.0 = Debug|Any CPU
		{CF4A392D-5B38-4FD7-9C63-8F2EA87F0DDD}.Release|Any CPU.ActiveCfg = Release|Any CPU
		{CF4A392D-5B38-4FD7-9C63-8F2EA87F0DDD}.Release|Any CPU.Build.0 = Release|Any CPU
	EndGlobalSection
	GlobalSection(SolutionProperties) = preSolution
		HideSolutionNode = FALSE
	EndGlobalSection
	GlobalSection(NestedProjects) = preSolution
		{67D1EF38-6EE5-490B-A564-77BDEDE9F2DE} = {BC066765-8CD6-4F72-BF9E-953A7F7514DF}
		{E5BF234E-1C9A-426E-AF7B-A3C30BC5CFC3} = {6B03C76B-55EE-4DEB-968C-8DAC7AC7E926}
		{5659AE68-E4EA-4DFF-8B25-F03EE85759D9} = {3AC3179A-16D1-4243-AD9A-EED03FDEE8D5}
		{CF4A392D-5B38-4FD7-9C63-8F2EA87F0DDD} = {E0FB7C0E-E8D8-42FA-A4EA-4D9D713CC2E8}
	EndGlobalSection
	GlobalSection(ExtensibilityGlobals) = postSolution
		SolutionGuid = {29B082AB-3CB3-40AC-949B-B16B431B3684}
	EndGlobalSection
EndGlobal
